// !$*UTF8*$!
{
	archiveVersion = 1;
	classes = {
	};
	objectVersion = 46;
	objects = {

/* Begin PBXBuildFile section */
		17173DA91CDE1D610040FE2A /* AppDelegate.swift in Sources */ = {isa = PBXBuildFile; fileRef = 17173DA81CDE1D610040FE2A /* AppDelegate.swift */; };
		17173DAB1CDE1D610040FE2A /* ViewController.swift in Sources */ = {isa = PBXBuildFile; fileRef = 17173DAA1CDE1D610040FE2A /* ViewController.swift */; };
		17173DAE1CDE1D610040FE2A /* Main.storyboard in Resources */ = {isa = PBXBuildFile; fileRef = 17173DAC1CDE1D610040FE2A /* Main.storyboard */; };
		17173DB01CDE1D610040FE2A /* Assets.xcassets in Resources */ = {isa = PBXBuildFile; fileRef = 17173DAF1CDE1D610040FE2A /* Assets.xcassets */; };
		17173DB31CDE1D610040FE2A /* LaunchScreen.storyboard in Resources */ = {isa = PBXBuildFile; fileRef = 17173DB11CDE1D610040FE2A /* LaunchScreen.storyboard */; };
		17173DBC1CE1F8F10040FE2A /* CalculatorBrain.swift in Sources */ = {isa = PBXBuildFile; fileRef = 17173DBB1CE1F8F10040FE2A /* CalculatorBrain.swift */; };
/* End PBXBuildFile section */

/* Begin PBXFileReference section */
		17173DA51CDE1D610040FE2A /* Calculator.app */ = {isa = PBXFileReference; explicitFileType = wrapper.application; includeInIndex = 0; path = Calculator.app; sourceTree = BUILT_PRODUCTS_DIR; };
		17173DA81CDE1D610040FE2A /* AppDelegate.swift */ = {isa = PBXFileReference; lastKnownFileType = sourcecode.swift; path = AppDelegate.swift; sourceTree = "<group>"; };
		17173DAA1CDE1D610040FE2A /* ViewController.swift */ = {isa = PBXFileReference; lastKnownFileType = sourcecode.swift; path = ViewController.swift; sourceTree = "<group>"; };
		17173DAD1CDE1D610040FE2A /* Base */ = {isa = PBXFileReference; lastKnownFileType = file.storyboard; name = Base; path = Base.lproj/Main.storyboard; sourceTree = "<group>"; };
		17173DAF1CDE1D610040FE2A /* Assets.xcassets */ = {isa = PBXFileReference; lastKnownFileType = folder.assetcatalog; path = Assets.xcassets; sourceTree = "<group>"; };
		17173DB21CDE1D610040FE2A /* Base */ = {isa = PBXFileReference; lastKnownFileType = file.storyboard; name = Base; path = Base.lproj/LaunchScreen.storyboard; sourceTree = "<group>"; };
		17173DB41CDE1D610040FE2A /* Info.plist */ = {isa = PBXFileReference; lastKnownFileType = text.plist.xml; path = Info.plist; sourceTree = "<group>"; };
		17173DBB1CE1F8F10040FE2A /* CalculatorBrain.swift */ = {isa = PBXFileReference; fileEncoding = 4; lastKnownFileType = sourcecode.swift; path = CalculatorBrain.swift; sourceTree = "<group>"; };
/* End PBXFileReference section */

/* Begin PBXFrameworksBuildPhase section */
		17173DA21CDE1D610040FE2A /* Frameworks */ = {
			isa = PBXFrameworksBuildPhase;
			buildActionMask = 2147483647;
			files = (
			);
			runOnlyForDeploymentPostprocessing = 0;
		};
/* End PBXFrameworksBuildPhase section */

/* Begin PBXGroup section */
		17173D9C1CDE1D610040FE2A = {
			isa = PBXGroup;
			children = (
				17173DA71CDE1D610040FE2A /* Calculator */,
				17173DA61CDE1D610040FE2A /* Products */,
			);
			sourceTree = "<group>";
		};
		17173DA61CDE1D610040FE2A /* Products */ = {
			isa = PBXGroup;
			children = (
				17173DA51CDE1D610040FE2A /* Calculator.app */,
			);
			name = Products;
			sourceTree = "<group>";
		};
		17173DA71CDE1D610040FE2A /* Calculator */ = {
			isa = PBXGroup;
			children = (
				17173DAA1CDE1D610040FE2A /* ViewController.swift */,
				17173DBB1CE1F8F10040FE2A /* CalculatorBrain.swift */,
				17173DAC1CDE1D610040FE2A /* Main.storyboard */,
				17173DBA1CDE1E540040FE2A /* Supporting Files */,
			);
			path = Calculator;
			sourceTree = "<group>";
		};
		17173DBA1CDE1E540040FE2A /* Supporting Files */ = {
			isa = PBXGroup;
			children = (
				17173DA81CDE1D610040FE2A /* AppDelegate.swift */,
				17173DAF1CDE1D610040FE2A /* Assets.xcassets */,
				17173DB11CDE1D610040FE2A /* LaunchScreen.storyboard */,
				17173DB41CDE1D610040FE2A /* Info.plist */,
			);
			name = "Supporting Files";
			sourceTree = "<group>";
		};
/* End PBXGroup section */

/* Begin PBXNativeTarget section */
		17173DA41CDE1D610040FE2A /* Calculator */ = {
			isa = PBXNativeTarget;
			buildConfigurationList = 17173DB71CDE1D610040FE2A /* Build configuration list for PBXNativeTarget "Calculator" */;
			buildPhases = (
				17173DA11CDE1D610040FE2A /* Sources */,
				17173DA21CDE1D610040FE2A /* Frameworks */,
				17173DA31CDE1D610040FE2A /* Resources */,
			);
			buildRules = (
			);
			dependencies = (
			);
			name = Calculator;
			productName = Calculator;
			productReference = 17173DA51CDE1D610040FE2A /* Calculator.app */;
			productType = "com.apple.product-type.application";
		};
/* End PBXNativeTarget section */

/* Begin PBXProject section */
		17173D9D1CDE1D610040FE2A /* Project object */ = {
			isa = PBXProject;
			attributes = {
				LastSwiftUpdateCheck = 0730;
				LastUpgradeCheck = 0730;
				ORGANIZATIONNAME = "Xinyang Li";
				TargetAttributes = {
					17173DA41CDE1D610040FE2A = {
						CreatedOnToolsVersion = 7.3.1;
						DevelopmentTeam = FG3A7SZ6XU;
					};
				};
			};
			buildConfigurationList = 17173DA01CDE1D610040FE2A /* Build configuration list for PBXProject "Calculator" */;
			compatibilityVersion = "Xcode 3.2";
			developmentRegion = English;
			hasScannedForEncodings = 0;
			knownRegions = (
				en,
				Base,
			);
			mainGroup = 17173D9C1CDE1D610040FE2A;
			productRefGroup = 17173DA61CDE1D610040FE2A /* Products */;
			projectDirPath = "";
			projectRoot = "";
			targets = (
				17173DA41CDE1D610040FE2A /* Calculator */,
			);
		};
/* End PBXProject section */

/* Begin PBXResourcesBuildPhase section */
		17173DA31CDE1D610040FE2A /* Resources */ = {
			isa = PBXResourcesBuildPhase;
			buildActionMask = 2147483647;
			files = (
				17173DB31CDE1D610040FE2A /* LaunchScreen.storyboard in Resources */,
				17173DB01CDE1D610040FE2A /* Assets.xcassets in Resources */,
				17173DAE1CDE1D610040FE2A /* Main.storyboard in Resources */,
			);
			runOnlyForDeploymentPostprocessing = 0;
		};
/* End PBXResourcesBuildPhase section */

/* Begin PBXSourcesBuildPhase section */
		17173DA11CDE1D610040FE2A /* Sources */ = {
			isa = PBXSourcesBuildPhase;
			buildActionMask = 2147483647;
			files = (
				17173DBC1CE1F8F10040FE2A /* CalculatorBrain.swift in Sources */,
				17173DAB1CDE1D610040FE2A /* ViewController.swift in Sources */,
				17173DA91CDE1D610040FE2A /* AppDelegate.swift in Sources */,
			);
			runOnlyForDeploymentPostprocessing = 0;
		};
/* End PBXSourcesBuildPhase section */

/* Begin PBXVariantGroup section */
		17173DAC1CDE1D610040FE2A /* Main.storyboard */ = {
			isa = PBXVariantGroup;
			children = (
				17173DAD1CDE1D610040FE2A /* Base */,
			);
			name = Main.storyboard;
			sourceTree = "<group>";
		};
		17173DB11CDE1D610040FE2A /* LaunchScreen.storyboard */ = {
			isa = PBXVariantGroup;
			children = (
				17173DB21CDE1D610040FE2A /* Base */,
			);
			name = LaunchScreen.storyboard;
			sourceTree = "<group>";
		};
/* End PBXVariantGroup section */

/* Begin XCBuildConfiguration section */
		17173DB51CDE1D610040FE2A /* Debug */ = {
			isa = XCBuildConfiguration;
			buildSettings = {
				ALWAYS_SEARCH_USER_PATHS = NO;
				CLANG_ANALYZER_NONNULL = YES;
				CLANG_CXX_LANGUAGE_STANDARD = "gnu++0x";
				CLANG_CXX_LIBRARY = "libc++";
				CLANG_ENABLE_MODULES = YES;
				CLANG_ENABLE_OBJC_ARC = YES;
				CLANG_WARN_BOOL_CONVERSION = YES;
				CLANG_WARN_CONSTANT_CONVERSION = YES;
				CLANG_WARN_DIRECT_OBJC_ISA_USAGE = YES_ERROR;
				CLANG_WARN_EMPTY_BODY = YES;
				CLANG_WARN_ENUM_CONVERSION = YES;
				CLANG_WARN_INT_CONVERSION = YES;
				CLANG_WARN_OBJC_ROOT_CLASS = YES_ERROR;
				CLANG_WARN_UNREACHABLE_CODE = YES;
				CLANG_WARN__DUPLICATE_METHOD_MATCH = YES;
				"CODE_SIGN_IDENTITY[sdk=iphoneos*]" = "iPhone Developer";
				COPY_PHASE_STRIP = NO;
				DEBUG_INFORMATION_FORMAT = dwarf;
				ENABLE_STRICT_OBJC_MSGSEND = YES;
				ENABLE_TESTABILITY = YES;
				GCC_C_LANGUAGE_STANDARD = gnu99;
				GCC_DYNAMIC_NO_PIC = NO;
				GCC_NO_COMMON_BLOCKS = YES;
				GCC_OPTIMIZATION_LEVEL = 0;
				GCC_PREPROCESSOR_DEFINITIONS = (
					"DEBUG=1",
					"$(inherited)",
				);
				GCC_WARN_64_TO_32_BIT_CONVERSION = YES;
				GCC_WARN_ABOUT_RETURN_TYPE = YES_ERROR;
				GCC_WARN_UNDECLARED_SELECTOR = YES;
				GCC_WARN_UNINITIALIZED_AUTOS = YES_AGGRESSIVE;
				GCC_WARN_UNUSED_FUNCTION = YES;
				GCC_WARN_UNUSED_VARIABLE = YES;
				IPHONEOS_DEPLOYMENT_TARGET = 9.3;
				MTL_ENABLE_DEBUG_INFO = YES;
				ONLY_ACTIVE_ARCH = YES;
				SDKROOT = iphoneos;
				SWIFT_OPTIMIZATION_LEVEL = "-Onone";
			};
			name = Debug;
		};
		17173DB61CDE1D610040FE2A /* Release */ = {
			isa = XCBuildConfiguration;
			buildSettings = {
				ALWAYS_SEARCH_USER_PATHS = NO;
				CLANG_ANALYZER_NONNULL = YES;
				CLANG_CXX_LANGUAGE_STANDARD = "gnu++0x";
				CLANG_CXX_LIBRARY = "libc++";
				CLANG_ENABLE_MODULES = YES;
				CLANG_ENABLE_OBJC_ARC = YES;
				CLANG_WARN_BOOL_CONVERSION = YES;
				CLANG_WARN_CONSTANT_CONVERSION = YES;
				CLANG_WARN_DIRECT_OBJC_ISA_USAGE = YES_ERROR;
				CLANG_WARN_EMPTY_BODY = YES;
				CLANG_WARN_ENUM_CONVERSION = YES;
				CLANG_WARN_INT_CONVERSION = YES;
				CLANG_WARN_OBJC_ROOT_CLASS = YES_ERROR;
				CLANG_WARN_UNREACHABLE_CODE = YES;
				CLANG_WARN__DUPLICATE_METHOD_MATCH = YES;
				"CODE_SIGN_IDENTITY[sdk=iphoneos*]" = "iPhone Developer";
				COPY_PHASE_STRIP = NO;
				DEBUG_INFORMATION_FORMAT = "dwarf-with-dsym";
				ENABLE_NS_ASSERTIONS = NO;
				ENABLE_STRICT_OBJC_MSGSEND = YES;
				GCC_C_LANGUAGE_STANDARD = gnu99;
				GCC_NO_COMMON_BLOCKS = YES;
				GCC_WARN_64_TO_32_BIT_CONVERSION = YES;
				GCC_WARN_ABOUT_RETURN_TYPE = YES_ERROR;
				GCC_WARN_UNDECLARED_SELECTOR = YES;
				GCC_WARN_UNINITIALIZED_AUTOS = YES_AGGRESSIVE;
				GCC_WARN_UNUSED_FUNCTION = YES;
				GCC_WARN_UNUSED_VARIABLE = YES;
				IPHONEOS_DEPLOYMENT_TARGET = 9.3;
				MTL_ENABLE_DEBUG_INFO = NO;
				SDKROOT = iphoneos;
				VALIDATE_PRODUCT = YES;
			};
			name = Release;
		};
		17173DB81CDE1D610040FE2A /* Debug */ = {
			isa = XCBuildConfiguration;
			buildSettings = {
				ASSETCATALOG_COMPILER_APPICON_NAME = AppIcon;
				CODE_SIGN_IDENTITY = "iPhone Developer";
				INFOPLIST_FILE = Calculator/Info.plist;
				LD_RUNPATH_SEARCH_PATHS = "$(inherited) @executable_path/Frameworks";
				PRODUCT_BUNDLE_IDENTIFIER = "com.li-xinyang.Calculator";
				PRODUCT_NAME = "$(TARGET_NAME)";
			};
			name = Debug;
		};
		17173DB91CDE1D610040FE2A /* Release */ = {
			isa = XCBuildConfiguration;
			buildSettings = {
				ASSETCATALOG_COMPILER_APPICON_NAME = AppIcon;
				CODE_SIGN_IDENTITY = "iPhone Developer";
				INFOPLIST_FILE = Calculator/Info.plist;
				LD_RUNPATH_SEARCH_PATHS = "$(inherited) @executable_path/Frameworks";
				PRODUCT_BUNDLE_IDENTIFIER = "com.li-xinyang.Calculator";
				PRODUCT_NAME = "$(TARGET_NAME)";
			};
			name = Release;
		};
/* End XCBuildConfiguration section */

/* Begin XCConfigurationList section */
		17173DA01CDE1D610040FE2A /* Build configuration list for PBXProject "Calculator" */ = {
			isa = XCConfigurationList;
			buildConfigurations = (
				17173DB51CDE1D610040FE2A /* Debug */,
				17173DB61CDE1D610040FE2A /* Release */,
			);
			defaultConfigurationIsVisible = 0;
			defaultConfigurationName = Release;
		};
		17173DB71CDE1D610040FE2A /* Build configuration list for PBXNativeTarget "Calculator" */ = {
			isa = XCConfigurationList;
			buildConfigurations = (
				17173DB81CDE1D610040FE2A /* Debug */,
				17173DB91CDE1D610040FE2A /* Release */,
			);
			defaultConfigurationIsVisible = 0;
			defaultConfigurationName = Release;
		};
/* End XCConfigurationList section */
	};
	rootObject = 17173D9D1CDE1D610040FE2A /* Project object */;
}
